// !$*UTF8*$!
{
	archiveVersion = 1;
	classes = {
	};
	objectVersion = 51;
	objects = {

/* Begin PBXBuildFile section */
		BFDFB2C6283103D0001BE278 /* AppDelegate.swift in Sources */ = {isa = PBXBuildFile; fileRef = BFDFB2C5283103D0001BE278 /* AppDelegate.swift */; };
		BFDFB2C8283103D0001BE278 /* SceneDelegate.swift in Sources */ = {isa = PBXBuildFile; fileRef = BFDFB2C7283103D0001BE278 /* SceneDelegate.swift */; };
		BFDFB2CA283103D0001BE278 /* ViewController.swift in Sources */ = {isa = PBXBuildFile; fileRef = BFDFB2C9283103D0001BE278 /* ViewController.swift */; };
		BFDFB2CD283103D0001BE278 /* Main.storyboard in Resources */ = {isa = PBXBuildFile; fileRef = BFDFB2CB283103D0001BE278 /* Main.storyboard */; };
		BFDFB2CF283103D2001BE278 /* Assets.xcassets in Resources */ = {isa = PBXBuildFile; fileRef = BFDFB2CE283103D2001BE278 /* Assets.xcassets */; };
		BFDFB2D2283103D2001BE278 /* LaunchScreen.storyboard in Resources */ = {isa = PBXBuildFile; fileRef = BFDFB2D0283103D2001BE278 /* LaunchScreen.storyboard */; };
		BFDFB2DB283106EF001BE278 /* Model.swift in Sources */ = {isa = PBXBuildFile; fileRef = BFDFB2DA283106EF001BE278 /* Model.swift */; };
		BFDFB2E3283E2C9C001BE278 /* PhotoSearchResultVC.swift in Sources */ = {isa = PBXBuildFile; fileRef = BFDFB2E2283E2C9C001BE278 /* PhotoSearchResultVC.swift */; };
		BFDFB2E72840B8DF001BE278 /* CollectionViewCell.swift in Sources */ = {isa = PBXBuildFile; fileRef = BFDFB2E62840B8DF001BE278 /* CollectionViewCell.swift */; };
		C9293F95AAAEE0D245CF3FAD /* Pods_Unsplash.framework in Frameworks */ = {isa = PBXBuildFile; fileRef = 00C81B3389287A0A55555906 /* Pods_Unsplash.framework */; };
/* End PBXBuildFile section */

/* Begin PBXFileReference section */
		00C81B3389287A0A55555906 /* Pods_Unsplash.framework */ = {isa = PBXFileReference; explicitFileType = wrapper.framework; includeInIndex = 0; path = Pods_Unsplash.framework; sourceTree = BUILT_PRODUCTS_DIR; };
		BFDFB2C2283103D0001BE278 /* Unsplash.app */ = {isa = PBXFileReference; explicitFileType = wrapper.application; includeInIndex = 0; path = Unsplash.app; sourceTree = BUILT_PRODUCTS_DIR; };
		BFDFB2C5283103D0001BE278 /* AppDelegate.swift */ = {isa = PBXFileReference; lastKnownFileType = sourcecode.swift; path = AppDelegate.swift; sourceTree = "<group>"; };
		BFDFB2C7283103D0001BE278 /* SceneDelegate.swift */ = {isa = PBXFileReference; lastKnownFileType = sourcecode.swift; path = SceneDelegate.swift; sourceTree = "<group>"; };
		BFDFB2C9283103D0001BE278 /* ViewController.swift */ = {isa = PBXFileReference; lastKnownFileType = sourcecode.swift; path = ViewController.swift; sourceTree = "<group>"; };
		BFDFB2CC283103D0001BE278 /* Base */ = {isa = PBXFileReference; lastKnownFileType = file.storyboard; name = Base; path = Base.lproj/Main.storyboard; sourceTree = "<group>"; };
		BFDFB2CE283103D2001BE278 /* Assets.xcassets */ = {isa = PBXFileReference; lastKnownFileType = folder.assetcatalog; path = Assets.xcassets; sourceTree = "<group>"; };
		BFDFB2D1283103D2001BE278 /* Base */ = {isa = PBXFileReference; lastKnownFileType = file.storyboard; name = Base; path = Base.lproj/LaunchScreen.storyboard; sourceTree = "<group>"; };
		BFDFB2D3283103D2001BE278 /* Info.plist */ = {isa = PBXFileReference; lastKnownFileType = text.plist.xml; path = Info.plist; sourceTree = "<group>"; };
		BFDFB2DA283106EF001BE278 /* Model.swift */ = {isa = PBXFileReference; lastKnownFileType = sourcecode.swift; path = Model.swift; sourceTree = "<group>"; };
		BFDFB2E2283E2C9C001BE278 /* PhotoSearchResultVC.swift */ = {isa = PBXFileReference; lastKnownFileType = sourcecode.swift; path = PhotoSearchResultVC.swift; sourceTree = "<group>"; };
		BFDFB2E62840B8DF001BE278 /* CollectionViewCell.swift */ = {isa = PBXFileReference; lastKnownFileType = sourcecode.swift; path = CollectionViewCell.swift; sourceTree = "<group>"; };
		CD6CE97B875DD58890ABEF8D /* Pods-Unsplash.release.xcconfig */ = {isa = PBXFileReference; includeInIndex = 1; lastKnownFileType = text.xcconfig; name = "Pods-Unsplash.release.xcconfig"; path = "Target Support Files/Pods-Unsplash/Pods-Unsplash.release.xcconfig"; sourceTree = "<group>"; };
		DA9795201A02B378816561CE /* Pods-Unsplash.debug.xcconfig */ = {isa = PBXFileReference; includeInIndex = 1; lastKnownFileType = text.xcconfig; name = "Pods-Unsplash.debug.xcconfig"; path = "Target Support Files/Pods-Unsplash/Pods-Unsplash.debug.xcconfig"; sourceTree = "<group>"; };
/* End PBXFileReference section */

/* Begin PBXFrameworksBuildPhase section */
		BFDFB2BF283103D0001BE278 /* Frameworks */ = {
			isa = PBXFrameworksBuildPhase;
			buildActionMask = 2147483647;
			files = (
				C9293F95AAAEE0D245CF3FAD /* Pods_Unsplash.framework in Frameworks */,
			);
			runOnlyForDeploymentPostprocessing = 0;
		};
/* End PBXFrameworksBuildPhase section */

/* Begin PBXGroup section */
		3936E730A6CAB3FBDD03B992 /* Pods */ = {
			isa = PBXGroup;
			children = (
				DA9795201A02B378816561CE /* Pods-Unsplash.debug.xcconfig */,
				CD6CE97B875DD58890ABEF8D /* Pods-Unsplash.release.xcconfig */,
			);
			path = Pods;
			sourceTree = "<group>";
		};
		BFDFB2B9283103D0001BE278 = {
			isa = PBXGroup;
			children = (
				BFDFB2C4283103D0001BE278 /* Unsplash */,
				BFDFB2C3283103D0001BE278 /* Products */,
				3936E730A6CAB3FBDD03B992 /* Pods */,
				DC2C57434855C220AE84338C /* Frameworks */,
			);
			sourceTree = "<group>";
		};
		BFDFB2C3283103D0001BE278 /* Products */ = {
			isa = PBXGroup;
			children = (
				BFDFB2C2283103D0001BE278 /* Unsplash.app */,
			);
			name = Products;
			sourceTree = "<group>";
		};
		BFDFB2C4283103D0001BE278 /* Unsplash */ = {
			isa = PBXGroup;
			children = (
				BFDFB2DA283106EF001BE278 /* Model.swift */,
				BFDFB2CB283103D0001BE278 /* Main.storyboard */,
				BFDFB2C5283103D0001BE278 /* AppDelegate.swift */,
				BFDFB2C7283103D0001BE278 /* SceneDelegate.swift */,
				BFDFB2C9283103D0001BE278 /* ViewController.swift */,
				BFDFB2E2283E2C9C001BE278 /* PhotoSearchResultVC.swift */,
				BFDFB2E62840B8DF001BE278 /* CollectionViewCell.swift */,
				BFDFB2CE283103D2001BE278 /* Assets.xcassets */,
				BFDFB2D0283103D2001BE278 /* LaunchScreen.storyboard */,
				BFDFB2D3283103D2001BE278 /* Info.plist */,
			);
			path = Unsplash;
			sourceTree = "<group>";
		};
		DC2C57434855C220AE84338C /* Frameworks */ = {
			isa = PBXGroup;
			children = (
				00C81B3389287A0A55555906 /* Pods_Unsplash.framework */,
			);
			name = Frameworks;
			sourceTree = "<group>";
		};
/* End PBXGroup section */

/* Begin PBXNativeTarget section */
		BFDFB2C1283103D0001BE278 /* Unsplash */ = {
			isa = PBXNativeTarget;
			buildConfigurationList = BFDFB2D6283103D2001BE278 /* Build configuration list for PBXNativeTarget "Unsplash" */;
			buildPhases = (
				194BCB17D6091414536D24C6 /* [CP] Check Pods Manifest.lock */,
				BFDFB2BE283103D0001BE278 /* Sources */,
				BFDFB2BF283103D0001BE278 /* Frameworks */,
				BFDFB2C0283103D0001BE278 /* Resources */,
				8A21C2A7EB705B543CB4E906 /* [CP] Embed Pods Frameworks */,
			);
			buildRules = (
			);
			dependencies = (
			);
			name = Unsplash;
			productName = Unsplash;
			productReference = BFDFB2C2283103D0001BE278 /* Unsplash.app */;
			productType = "com.apple.product-type.application";
		};
/* End PBXNativeTarget section */

/* Begin PBXProject section */
		BFDFB2BA283103D0001BE278 /* Project object */ = {
			isa = PBXProject;
			attributes = {
				LastSwiftUpdateCheck = 1240;
				LastUpgradeCheck = 1240;
				TargetAttributes = {
					BFDFB2C1283103D0001BE278 = {
						CreatedOnToolsVersion = 12.4;
					};
				};
			};
			buildConfigurationList = BFDFB2BD283103D0001BE278 /* Build configuration list for PBXProject "Unsplash" */;
			compatibilityVersion = "Xcode 9.3";
			developmentRegion = en;
			hasScannedForEncodings = 0;
			knownRegions = (
				en,
				Base,
			);
			mainGroup = BFDFB2B9283103D0001BE278;
			productRefGroup = BFDFB2C3283103D0001BE278 /* Products */;
			projectDirPath = "";
			projectRoot = "";
			targets = (
				BFDFB2C1283103D0001BE278 /* Unsplash */,
			);
		};
/* End PBXProject section */

/* Begin PBXResourcesBuildPhase section */
		BFDFB2C0283103D0001BE278 /* Resources */ = {
			isa = PBXResourcesBuildPhase;
			buildActionMask = 2147483647;
			files = (
				BFDFB2D2283103D2001BE278 /* LaunchScreen.storyboard in Resources */,
				BFDFB2CF283103D2001BE278 /* Assets.xcassets in Resources */,
				BFDFB2CD283103D0001BE278 /* Main.storyboard in Resources */,
			);
			runOnlyForDeploymentPostprocessing = 0;
		};
/* End PBXResourcesBuildPhase section */

/* Begin PBXShellScriptBuildPhase section */
		194BCB17D6091414536D24C6 /* [CP] Check Pods Manifest.lock */ = {
			isa = PBXShellScriptBuildPhase;
			buildActionMask = 2147483647;
			files = (
			);
			inputFileListPaths = (
			);
			inputPaths = (
				"${PODS_PODFILE_DIR_PATH}/Podfile.lock",
				"${PODS_ROOT}/Manifest.lock",
			);
			name = "[CP] Check Pods Manifest.lock";
			outputFileListPaths = (
			);
			outputPaths = (
				"$(DERIVED_FILE_DIR)/Pods-Unsplash-checkManifestLockResult.txt",
			);
			runOnlyForDeploymentPostprocessing = 0;
			shellPath = /bin/sh;
			shellScript = "diff \"${PODS_PODFILE_DIR_PATH}/Podfile.lock\" \"${PODS_ROOT}/Manifest.lock\" > /dev/null\nif [ $? != 0 ] ; then\n    # print error to STDERR\n    echo \"error: The sandbox is not in sync with the Podfile.lock. Run 'pod install' or update your CocoaPods installation.\" >&2\n    exit 1\nfi\n# This output is used by Xcode 'outputs' to avoid re-running this script phase.\necho \"SUCCESS\" > \"${SCRIPT_OUTPUT_FILE_0}\"\n";
			showEnvVarsInLog = 0;
		};
		8A21C2A7EB705B543CB4E906 /* [CP] Embed Pods Frameworks */ = {
			isa = PBXShellScriptBuildPhase;
			buildActionMask = 2147483647;
			files = (
			);
			inputFileListPaths = (
				"${PODS_ROOT}/Target Support Files/Pods-Unsplash/Pods-Unsplash-frameworks-${CONFIGURATION}-input-files.xcfilelist",
			);
			name = "[CP] Embed Pods Frameworks";
			outputFileListPaths = (
				"${PODS_ROOT}/Target Support Files/Pods-Unsplash/Pods-Unsplash-frameworks-${CONFIGURATION}-output-files.xcfilelist",
			);
			runOnlyForDeploymentPostprocessing = 0;
			shellPath = /bin/sh;
			shellScript = "\"${PODS_ROOT}/Target Support Files/Pods-Unsplash/Pods-Unsplash-frameworks.sh\"\n";
			showEnvVarsInLog = 0;
		};
/* End PBXShellScriptBuildPhase section */

/* Begin PBXSourcesBuildPhase section */
		BFDFB2BE283103D0001BE278 /* Sources */ = {
			isa = PBXSourcesBuildPhase;
			buildActionMask = 2147483647;
			files = (
				BFDFB2CA283103D0001BE278 /* ViewController.swift in Sources */,
				BFDFB2C6283103D0001BE278 /* AppDelegate.swift in Sources */,
				BFDFB2E72840B8DF001BE278 /* CollectionViewCell.swift in Sources */,
				BFDFB2C8283103D0001BE278 /* SceneDelegate.swift in Sources */,
				BFDFB2DB283106EF001BE278 /* Model.swift in Sources */,
				BFDFB2E3283E2C9C001BE278 /* PhotoSearchResultVC.swift in Sources */,
			);
			runOnlyForDeploymentPostprocessing = 0;
		};
/* End PBXSourcesBuildPhase section */

/* Begin PBXVariantGroup section */
		BFDFB2CB283103D0001BE278 /* Main.storyboard */ = {
			isa = PBXVariantGroup;
			children = (
				BFDFB2CC283103D0001BE278 /* Base */,
			);
			name = Main.storyboard;
			sourceTree = "<group>";
		};
		BFDFB2D0283103D2001BE278 /* LaunchScreen.storyboard */ = {
			isa = PBXVariantGroup;
			children = (
				BFDFB2D1283103D2001BE278 /* Base */,
			);
			name = LaunchScreen.storyboard;
			sourceTree = "<group>";
		};
/* End PBXVariantGroup section */

/* Begin XCBuildConfiguration section */
		BFDFB2D4283103D2001BE278 /* Debug */ = {
			isa = XCBuildConfiguration;
			buildSettings = {
				ALWAYS_SEARCH_USER_PATHS = NO;
				CLANG_ANALYZER_NONNULL = YES;
				CLANG_ANALYZER_NUMBER_OBJECT_CONVERSION = YES_AGGRESSIVE;
				CLANG_CXX_LANGUAGE_STANDARD = "gnu++14";
				CLANG_CXX_LIBRARY = "libc++";
				CLANG_ENABLE_MODULES = YES;
				CLANG_ENABLE_OBJC_ARC = YES;
				CLANG_ENABLE_OBJC_WEAK = YES;
				CLANG_WARN_BLOCK_CAPTURE_AUTORELEASING = YES;
				CLANG_WARN_BOOL_CONVERSION = YES;
				CLANG_WARN_COMMA = YES;
				CLANG_WARN_CONSTANT_CONVERSION = YES;
				CLANG_WARN_DEPRECATED_OBJC_IMPLEMENTATIONS = YES;
				CLANG_WARN_DIRECT_OBJC_ISA_USAGE = YES_ERROR;
				CLANG_WARN_DOCUMENTATION_COMMENTS = YES;
				CLANG_WARN_EMPTY_BODY = YES;
				CLANG_WARN_ENUM_CONVERSION = YES;
				CLANG_WARN_INFINITE_RECURSION = YES;
				CLANG_WARN_INT_CONVERSION = YES;
				CLANG_WARN_NON_LITERAL_NULL_CONVERSION = YES;
				CLANG_WARN_OBJC_IMPLICIT_RETAIN_SELF = YES;
				CLANG_WARN_OBJC_LITERAL_CONVERSION = YES;
				CLANG_WARN_OBJC_ROOT_CLASS = YES_ERROR;
				CLANG_WARN_QUOTED_INCLUDE_IN_FRAMEWORK_HEADER = YES;
				CLANG_WARN_RANGE_LOOP_ANALYSIS = YES;
				CLANG_WARN_STRICT_PROTOTYPES = YES;
				CLANG_WARN_SUSPICIOUS_MOVE = YES;
				CLANG_WARN_UNGUARDED_AVAILABILITY = YES_AGGRESSIVE;
				CLANG_WARN_UNREACHABLE_CODE = YES;
				CLANG_WARN__DUPLICATE_METHOD_MATCH = YES;
				COPY_PHASE_STRIP = NO;
				DEBUG_INFORMATION_FORMAT = dwarf;
				ENABLE_STRICT_OBJC_MSGSEND = YES;
				ENABLE_TESTABILITY = YES;
				GCC_C_LANGUAGE_STANDARD = gnu11;
				GCC_DYNAMIC_NO_PIC = NO;
				GCC_NO_COMMON_BLOCKS = YES;
				GCC_OPTIMIZATION_LEVEL = 0;
				GCC_PREPROCESSOR_DEFINITIONS = (
					"DEBUG=1",
					"$(inherited)",
				);
				GCC_WARN_64_TO_32_BIT_CONVERSION = YES;
				GCC_WARN_ABOUT_RETURN_TYPE = YES_ERROR;
				GCC_WARN_UNDECLARED_SELECTOR = YES;
				GCC_WARN_UNINITIALIZED_AUTOS = YES_AGGRESSIVE;
				GCC_WARN_UNUSED_FUNCTION = YES;
				GCC_WARN_UNUSED_VARIABLE = YES;
				IPHONEOS_DEPLOYMENT_TARGET = 14.4;
				MTL_ENABLE_DEBUG_INFO = INCLUDE_SOURCE;
				MTL_FAST_MATH = YES;
				ONLY_ACTIVE_ARCH = YES;
				SDKROOT = iphoneos;
				SWIFT_ACTIVE_COMPILATION_CONDITIONS = DEBUG;
				SWIFT_OPTIMIZATION_LEVEL = "-Onone";
			};
			name = Debug;
		};
		BFDFB2D5283103D2001BE278 /* Release */ = {
			isa = XCBuildConfiguration;
			buildSettings = {
				ALWAYS_SEARCH_USER_PATHS = NO;
				CLANG_ANALYZER_NONNULL = YES;
				CLANG_ANALYZER_NUMBER_OBJECT_CONVERSION = YES_AGGRESSIVE;
				CLANG_CXX_LANGUAGE_STANDARD = "gnu++14";
				CLANG_CXX_LIBRARY = "libc++";
				CLANG_ENABLE_MODULES = YES;
				CLANG_ENABLE_OBJC_ARC = YES;
				CLANG_ENABLE_OBJC_WEAK = YES;
				CLANG_WARN_BLOCK_CAPTURE_AUTORELEASING = YES;
				CLANG_WARN_BOOL_CONVERSION = YES;
				CLANG_WARN_COMMA = YES;
				CLANG_WARN_CONSTANT_CONVERSION = YES;
				CLANG_WARN_DEPRECATED_OBJC_IMPLEMENTATIONS = YES;
				CLANG_WARN_DIRECT_OBJC_ISA_USAGE = YES_ERROR;
				CLANG_WARN_DOCUMENTATION_COMMENTS = YES;
				CLANG_WARN_EMPTY_BODY = YES;
				CLANG_WARN_ENUM_CONVERSION = YES;
				CLANG_WARN_INFINITE_RECURSION = YES;
				CLANG_WARN_INT_CONVERSION = YES;
				CLANG_WARN_NON_LITERAL_NULL_CONVERSION = YES;
				CLANG_WARN_OBJC_IMPLICIT_RETAIN_SELF = YES;
				CLANG_WARN_OBJC_LITERAL_CONVERSION = YES;
				CLANG_WARN_OBJC_ROOT_CLASS = YES_ERROR;
				CLANG_WARN_QUOTED_INCLUDE_IN_FRAMEWORK_HEADER = YES;
				CLANG_WARN_RANGE_LOOP_ANALYSIS = YES;
				CLANG_WARN_STRICT_PROTOTYPES = YES;
				CLANG_WARN_SUSPICIOUS_MOVE = YES;
				CLANG_WARN_UNGUARDED_AVAILABILITY = YES_AGGRESSIVE;
				CLANG_WARN_UNREACHABLE_CODE = YES;
				CLANG_WARN__DUPLICATE_METHOD_MATCH = YES;
				COPY_PHASE_STRIP = NO;
				DEBUG_INFORMATION_FORMAT = "dwarf-with-dsym";
				ENABLE_NS_ASSERTIONS = NO;
				ENABLE_STRICT_OBJC_MSGSEND = YES;
				GCC_C_LANGUAGE_STANDARD = gnu11;
				GCC_NO_COMMON_BLOCKS = YES;
				GCC_WARN_64_TO_32_BIT_CONVERSION = YES;
				GCC_WARN_ABOUT_RETURN_TYPE = YES_ERROR;
				GCC_WARN_UNDECLARED_SELECTOR = YES;
				GCC_WARN_UNINITIALIZED_AUTOS = YES_AGGRESSIVE;
				GCC_WARN_UNUSED_FUNCTION = YES;
				GCC_WARN_UNUSED_VARIABLE = YES;
				IPHONEOS_DEPLOYMENT_TARGET = 14.4;
				MTL_ENABLE_DEBUG_INFO = NO;
				MTL_FAST_MATH = YES;
				SDKROOT = iphoneos;
				SWIFT_COMPILATION_MODE = wholemodule;
				SWIFT_OPTIMIZATION_LEVEL = "-O";
				VALIDATE_PRODUCT = YES;
			};
			name = Release;
		};
		BFDFB2D7283103D2001BE278 /* Debug */ = {
			isa = XCBuildConfiguration;
			baseConfigurationReference = DA9795201A02B378816561CE /* Pods-Unsplash.debug.xcconfig */;
			buildSettings = {
				ASSETCATALOG_COMPILER_APPICON_NAME = AppIcon;
				ASSETCATALOG_COMPILER_GLOBAL_ACCENT_COLOR_NAME = AccentColor;
				CODE_SIGN_STYLE = Automatic;
				DEVELOPMENT_TEAM = SDGM84T5VW;
				INFOPLIST_FILE = Unsplash/Info.plist;
				LD_RUNPATH_SEARCH_PATHS = (
					"$(inherited)",
					"@executable_path/Frameworks",
				);
				PRODUCT_BUNDLE_IDENTIFIER = com.stamBool.Unsplash;
				PRODUCT_NAME = "$(TARGET_NAME)";
				SWIFT_VERSION = 5.0;
				TARGETED_DEVICE_FAMILY = "1,2";
			};
			name = Debug;
		};
		BFDFB2D8283103D2001BE278 /* Release */ = {
			isa = XCBuildConfiguration;
			baseConfigurationReference = CD6CE97B875DD58890ABEF8D /* Pods-Unsplash.release.xcconfig */;
			buildSettings = {
				ASSETCATALOG_COMPILER_APPICON_NAME = AppIcon;
				ASSETCATALOG_COMPILER_GLOBAL_ACCENT_COLOR_NAME = AccentColor;
				CODE_SIGN_STYLE = Automatic;
				DEVELOPMENT_TEAM = SDGM84T5VW;
				INFOPLIST_FILE = Unsplash/Info.plist;
				LD_RUNPATH_SEARCH_PATHS = (
					"$(inherited)",
					"@executable_path/Frameworks",
				);
				PRODUCT_BUNDLE_IDENTIFIER = com.stamBool.Unsplash;
				PRODUCT_NAME = "$(TARGET_NAME)";
				SWIFT_VERSION = 5.0;
				TARGETED_DEVICE_FAMILY = "1,2";
			};
			name = Release;
		};
/* End XCBuildConfiguration section */

/* Begin XCConfigurationList section */
		BFDFB2BD283103D0001BE278 /* Build configuration list for PBXProject "Unsplash" */ = {
			isa = XCConfigurationList;
			buildConfigurations = (
				BFDFB2D4283103D2001BE278 /* Debug */,
				BFDFB2D5283103D2001BE278 /* Release */,
			);
			defaultConfigurationIsVisible = 0;
			defaultConfigurationName = Release;
		};
		BFDFB2D6283103D2001BE278 /* Build configuration list for PBXNativeTarget "Unsplash" */ = {
			isa = XCConfigurationList;
			buildConfigurations = (
				BFDFB2D7283103D2001BE278 /* Debug */,
				BFDFB2D8283103D2001BE278 /* Release */,
			);
			defaultConfigurationIsVisible = 0;
			defaultConfigurationName = Release;
		};
/* End XCConfigurationList section */
	};
	rootObject = BFDFB2BA283103D0001BE278 /* Project object */;
}
